// !$*UTF8*$!
{
	archiveVersion = 1;
	classes = {
	};
	objectVersion = 56;
	objects = {

/* Begin PBXBuildFile section */
		F0C594F12A01894D00CD9814 /* README.md in Resources */ = {isa = PBXBuildFile; fileRef = F0C594F02A01894D00CD9814 /* README.md */; };
		F0C73E2D2A0180C500F4434B /* Assets.xcassets in Resources */ = {isa = PBXBuildFile; fileRef = F0C73E2C2A0180C500F4434B /* Assets.xcassets */; };
		F0C73E542A01812900F4434B /* ViewController.swift in Sources */ = {isa = PBXBuildFile; fileRef = F0C73E532A01812900F4434B /* ViewController.swift */; };
		F0C73E562A01829B00F4434B /* AppDelegate.swift in Sources */ = {isa = PBXBuildFile; fileRef = F0C73E552A01829B00F4434B /* AppDelegate.swift */; };
		F0C73E5B2A0186E200F4434B /* Launch.storyboard in Resources */ = {isa = PBXBuildFile; fileRef = F0C73E5A2A0186E200F4434B /* Launch.storyboard */; };
/* End PBXBuildFile section */

/* Begin PBXContainerItemProxy section */
		F0C73E372A0180C500F4434B /* PBXContainerItemProxy */ = {
			isa = PBXContainerItemProxy;
			containerPortal = F0C73E1D2A0180C300F4434B /* Project object */;
			proxyType = 1;
			remoteGlobalIDString = F0C73E242A0180C300F4434B;
			remoteInfo = ZeeMeeCodeSample;
		};
		F0C73E412A0180C500F4434B /* PBXContainerItemProxy */ = {
			isa = PBXContainerItemProxy;
			containerPortal = F0C73E1D2A0180C300F4434B /* Project object */;
			proxyType = 1;
			remoteGlobalIDString = F0C73E242A0180C300F4434B;
			remoteInfo = ZeeMeeCodeSample;
		};
/* End PBXContainerItemProxy section */

/* Begin PBXFileReference section */
		F0C594F02A01894D00CD9814 /* README.md */ = {isa = PBXFileReference; fileEncoding = 4; lastKnownFileType = net.daringfireball.markdown; path = README.md; sourceTree = SOURCE_ROOT; };
		F0C73E252A0180C300F4434B /* ZeeMeeCodeSample.app */ = {isa = PBXFileReference; explicitFileType = wrapper.application; includeInIndex = 0; path = ZeeMeeCodeSample.app; sourceTree = BUILT_PRODUCTS_DIR; };
		F0C73E2C2A0180C500F4434B /* Assets.xcassets */ = {isa = PBXFileReference; lastKnownFileType = folder.assetcatalog; path = Assets.xcassets; sourceTree = "<group>"; };
		F0C73E2E2A0180C500F4434B /* ZeeMeeCodeSample.entitlements */ = {isa = PBXFileReference; lastKnownFileType = text.plist.entitlements; path = ZeeMeeCodeSample.entitlements; sourceTree = "<group>"; };
		F0C73E362A0180C500F4434B /* ZeeMeeCodeSampleTests.xctest */ = {isa = PBXFileReference; explicitFileType = wrapper.cfbundle; includeInIndex = 0; path = ZeeMeeCodeSampleTests.xctest; sourceTree = BUILT_PRODUCTS_DIR; };
		F0C73E402A0180C500F4434B /* ZeeMeeCodeSampleUITests.xctest */ = {isa = PBXFileReference; explicitFileType = wrapper.cfbundle; includeInIndex = 0; path = ZeeMeeCodeSampleUITests.xctest; sourceTree = BUILT_PRODUCTS_DIR; };
		F0C73E532A01812900F4434B /* ViewController.swift */ = {isa = PBXFileReference; lastKnownFileType = sourcecode.swift; path = ViewController.swift; sourceTree = "<group>"; };
		F0C73E552A01829B00F4434B /* AppDelegate.swift */ = {isa = PBXFileReference; lastKnownFileType = sourcecode.swift; path = AppDelegate.swift; sourceTree = "<group>"; };
		F0C73E5A2A0186E200F4434B /* Launch.storyboard */ = {isa = PBXFileReference; lastKnownFileType = file.storyboard; path = Launch.storyboard; sourceTree = "<group>"; };
/* End PBXFileReference section */

/* Begin PBXFrameworksBuildPhase section */
		F0C73E222A0180C300F4434B /* Frameworks */ = {
			isa = PBXFrameworksBuildPhase;
			buildActionMask = 2147483647;
			files = (
			);
			runOnlyForDeploymentPostprocessing = 0;
		};
		F0C73E332A0180C500F4434B /* Frameworks */ = {
			isa = PBXFrameworksBuildPhase;
			buildActionMask = 2147483647;
			files = (
			);
			runOnlyForDeploymentPostprocessing = 0;
		};
		F0C73E3D2A0180C500F4434B /* Frameworks */ = {
			isa = PBXFrameworksBuildPhase;
			buildActionMask = 2147483647;
			files = (
			);
			runOnlyForDeploymentPostprocessing = 0;
		};
/* End PBXFrameworksBuildPhase section */

/* Begin PBXGroup section */
		F0C73E1C2A0180C300F4434B = {
			isa = PBXGroup;
			children = (
				F0C73E272A0180C300F4434B /* ZeeMeeCodeSample */,
				F0C73E392A0180C500F4434B /* ZeeMeeCodeSampleTests */,
				F0C73E432A0180C500F4434B /* ZeeMeeCodeSampleUITests */,
				F0C73E262A0180C300F4434B /* Products */,
			);
			sourceTree = "<group>";
		};
		F0C73E262A0180C300F4434B /* Products */ = {
			isa = PBXGroup;
			children = (
				F0C73E252A0180C300F4434B /* ZeeMeeCodeSample.app */,
				F0C73E362A0180C500F4434B /* ZeeMeeCodeSampleTests.xctest */,
				F0C73E402A0180C500F4434B /* ZeeMeeCodeSampleUITests.xctest */,
			);
			name = Products;
			sourceTree = "<group>";
		};
		F0C73E272A0180C300F4434B /* ZeeMeeCodeSample */ = {
			isa = PBXGroup;
			children = (
				F0C594F02A01894D00CD9814 /* README.md */,
				F0C73E552A01829B00F4434B /* AppDelegate.swift */,
				F0C73E532A01812900F4434B /* ViewController.swift */,
				F0C73E592A01862600F4434B /* Support */,
			);
			path = ZeeMeeCodeSample;
			sourceTree = "<group>";
		};
		F0C73E392A0180C500F4434B /* ZeeMeeCodeSampleTests */ = {
			isa = PBXGroup;
			children = (
			);
			path = ZeeMeeCodeSampleTests;
			sourceTree = "<group>";
		};
		F0C73E432A0180C500F4434B /* ZeeMeeCodeSampleUITests */ = {
			isa = PBXGroup;
			children = (
			);
			path = ZeeMeeCodeSampleUITests;
			sourceTree = "<group>";
		};
		F0C73E592A01862600F4434B /* Support */ = {
			isa = PBXGroup;
			children = (
				F0C73E2C2A0180C500F4434B /* Assets.xcassets */,
				F0C73E2E2A0180C500F4434B /* ZeeMeeCodeSample.entitlements */,
				F0C73E5A2A0186E200F4434B /* Launch.storyboard */,
			);
			path = Support;
			sourceTree = "<group>";
		};
/* End PBXGroup section */

/* Begin PBXNativeTarget section */
		F0C73E242A0180C300F4434B /* ZeeMeeCodeSample */ = {
			isa = PBXNativeTarget;
			buildConfigurationList = F0C73E4A2A0180C500F4434B /* Build configuration list for PBXNativeTarget "ZeeMeeCodeSample" */;
			buildPhases = (
				F0C73E212A0180C300F4434B /* Sources */,
				F0C73E222A0180C300F4434B /* Frameworks */,
				F0C73E232A0180C300F4434B /* Resources */,
			);
			buildRules = (
			);
			dependencies = (
			);
			name = ZeeMeeCodeSample;
			productName = ZeeMeeCodeSample;
			productReference = F0C73E252A0180C300F4434B /* ZeeMeeCodeSample.app */;
			productType = "com.apple.product-type.application";
		};
		F0C73E352A0180C500F4434B /* ZeeMeeCodeSampleTests */ = {
			isa = PBXNativeTarget;
			buildConfigurationList = F0C73E4D2A0180C500F4434B /* Build configuration list for PBXNativeTarget "ZeeMeeCodeSampleTests" */;
			buildPhases = (
				F0C73E322A0180C500F4434B /* Sources */,
				F0C73E332A0180C500F4434B /* Frameworks */,
				F0C73E342A0180C500F4434B /* Resources */,
			);
			buildRules = (
			);
			dependencies = (
				F0C73E382A0180C500F4434B /* PBXTargetDependency */,
			);
			name = ZeeMeeCodeSampleTests;
			productName = ZeeMeeCodeSampleTests;
			productReference = F0C73E362A0180C500F4434B /* ZeeMeeCodeSampleTests.xctest */;
			productType = "com.apple.product-type.bundle.unit-test";
		};
		F0C73E3F2A0180C500F4434B /* ZeeMeeCodeSampleUITests */ = {
			isa = PBXNativeTarget;
			buildConfigurationList = F0C73E502A0180C500F4434B /* Build configuration list for PBXNativeTarget "ZeeMeeCodeSampleUITests" */;
			buildPhases = (
				F0C73E3C2A0180C500F4434B /* Sources */,
				F0C73E3D2A0180C500F4434B /* Frameworks */,
				F0C73E3E2A0180C500F4434B /* Resources */,
			);
			buildRules = (
			);
			dependencies = (
				F0C73E422A0180C500F4434B /* PBXTargetDependency */,
			);
			name = ZeeMeeCodeSampleUITests;
			productName = ZeeMeeCodeSampleUITests;
			productReference = F0C73E402A0180C500F4434B /* ZeeMeeCodeSampleUITests.xctest */;
			productType = "com.apple.product-type.bundle.ui-testing";
		};
/* End PBXNativeTarget section */

/* Begin PBXProject section */
		F0C73E1D2A0180C300F4434B /* Project object */ = {
			isa = PBXProject;
			attributes = {
				BuildIndependentTargetsInParallel = 1;
				LastSwiftUpdateCheck = 1410;
				LastUpgradeCheck = 1410;
				TargetAttributes = {
					F0C73E242A0180C300F4434B = {
						CreatedOnToolsVersion = 14.1;
						LastSwiftMigration = 1410;
					};
					F0C73E352A0180C500F4434B = {
						CreatedOnToolsVersion = 14.1;
						TestTargetID = F0C73E242A0180C300F4434B;
					};
					F0C73E3F2A0180C500F4434B = {
						CreatedOnToolsVersion = 14.1;
						TestTargetID = F0C73E242A0180C300F4434B;
					};
				};
			};
			buildConfigurationList = F0C73E202A0180C300F4434B /* Build configuration list for PBXProject "ZeeMeeCodeSample" */;
			compatibilityVersion = "Xcode 14.0";
			developmentRegion = en;
			hasScannedForEncodings = 0;
			knownRegions = (
				en,
				Base,
			);
			mainGroup = F0C73E1C2A0180C300F4434B;
			productRefGroup = F0C73E262A0180C300F4434B /* Products */;
			projectDirPath = "";
			projectRoot = "";
			targets = (
				F0C73E242A0180C300F4434B /* ZeeMeeCodeSample */,
				F0C73E352A0180C500F4434B /* ZeeMeeCodeSampleTests */,
				F0C73E3F2A0180C500F4434B /* ZeeMeeCodeSampleUITests */,
			);
		};
/* End PBXProject section */

/* Begin PBXResourcesBuildPhase section */
		F0C73E232A0180C300F4434B /* Resources */ = {
			isa = PBXResourcesBuildPhase;
			buildActionMask = 2147483647;
			files = (
				F0C73E2D2A0180C500F4434B /* Assets.xcassets in Resources */,
				F0C594F12A01894D00CD9814 /* README.md in Resources */,
				F0C73E5B2A0186E200F4434B /* Launch.storyboard in Resources */,
			);
			runOnlyForDeploymentPostprocessing = 0;
		};
		F0C73E342A0180C500F4434B /* Resources */ = {
			isa = PBXResourcesBuildPhase;
			buildActionMask = 2147483647;
			files = (
			);
			runOnlyForDeploymentPostprocessing = 0;
		};
		F0C73E3E2A0180C500F4434B /* Resources */ = {
			isa = PBXResourcesBuildPhase;
			buildActionMask = 2147483647;
			files = (
			);
			runOnlyForDeploymentPostprocessing = 0;
		};
/* End PBXResourcesBuildPhase section */

/* Begin PBXSourcesBuildPhase section */
		F0C73E212A0180C300F4434B /* Sources */ = {
			isa = PBXSourcesBuildPhase;
			buildActionMask = 2147483647;
			files = (
				F0C73E562A01829B00F4434B /* AppDelegate.swift in Sources */,
				F0C73E542A01812900F4434B /* ViewController.swift in Sources */,
			);
			runOnlyForDeploymentPostprocessing = 0;
		};
		F0C73E322A0180C500F4434B /* Sources */ = {
			isa = PBXSourcesBuildPhase;
			buildActionMask = 2147483647;
			files = (
			);
			runOnlyForDeploymentPostprocessing = 0;
		};
		F0C73E3C2A0180C500F4434B /* Sources */ = {
			isa = PBXSourcesBuildPhase;
			buildActionMask = 2147483647;
			files = (
			);
			runOnlyForDeploymentPostprocessing = 0;
		};
/* End PBXSourcesBuildPhase section */

/* Begin PBXTargetDependency section */
		F0C73E382A0180C500F4434B /* PBXTargetDependency */ = {
			isa = PBXTargetDependency;
			target = F0C73E242A0180C300F4434B /* ZeeMeeCodeSample */;
			targetProxy = F0C73E372A0180C500F4434B /* PBXContainerItemProxy */;
		};
		F0C73E422A0180C500F4434B /* PBXTargetDependency */ = {
			isa = PBXTargetDependency;
			target = F0C73E242A0180C300F4434B /* ZeeMeeCodeSample */;
			targetProxy = F0C73E412A0180C500F4434B /* PBXContainerItemProxy */;
		};
/* End PBXTargetDependency section */

/* Begin XCBuildConfiguration section */
		F0C73E482A0180C500F4434B /* Debug */ = {
			isa = XCBuildConfiguration;
			buildSettings = {
				ALWAYS_SEARCH_USER_PATHS = NO;
				CLANG_ANALYZER_NONNULL = YES;
				CLANG_ANALYZER_NUMBER_OBJECT_CONVERSION = YES_AGGRESSIVE;
				CLANG_CXX_LANGUAGE_STANDARD = "gnu++20";
				CLANG_ENABLE_MODULES = YES;
				CLANG_ENABLE_OBJC_ARC = YES;
				CLANG_ENABLE_OBJC_WEAK = YES;
				CLANG_WARN_BLOCK_CAPTURE_AUTORELEASING = YES;
				CLANG_WARN_BOOL_CONVERSION = YES;
				CLANG_WARN_COMMA = YES;
				CLANG_WARN_CONSTANT_CONVERSION = YES;
				CLANG_WARN_DEPRECATED_OBJC_IMPLEMENTATIONS = YES;
				CLANG_WARN_DIRECT_OBJC_ISA_USAGE = YES_ERROR;
				CLANG_WARN_DOCUMENTATION_COMMENTS = YES;
				CLANG_WARN_EMPTY_BODY = YES;
				CLANG_WARN_ENUM_CONVERSION = YES;
				CLANG_WARN_INFINITE_RECURSION = YES;
				CLANG_WARN_INT_CONVERSION = YES;
				CLANG_WARN_NON_LITERAL_NULL_CONVERSION = YES;
				CLANG_WARN_OBJC_IMPLICIT_RETAIN_SELF = YES;
				CLANG_WARN_OBJC_LITERAL_CONVERSION = YES;
				CLANG_WARN_OBJC_ROOT_CLASS = YES_ERROR;
				CLANG_WARN_QUOTED_INCLUDE_IN_FRAMEWORK_HEADER = YES;
				CLANG_WARN_RANGE_LOOP_ANALYSIS = YES;
				CLANG_WARN_STRICT_PROTOTYPES = YES;
				CLANG_WARN_SUSPICIOUS_MOVE = YES;
				CLANG_WARN_UNGUARDED_AVAILABILITY = YES_AGGRESSIVE;
				CLANG_WARN_UNREACHABLE_CODE = YES;
				CLANG_WARN__DUPLICATE_METHOD_MATCH = YES;
				COPY_PHASE_STRIP = NO;
				DEBUG_INFORMATION_FORMAT = dwarf;
				ENABLE_STRICT_OBJC_MSGSEND = YES;
				ENABLE_TESTABILITY = YES;
				GCC_C_LANGUAGE_STANDARD = gnu11;
				GCC_DYNAMIC_NO_PIC = NO;
				GCC_NO_COMMON_BLOCKS = YES;
				GCC_OPTIMIZATION_LEVEL = 0;
				GCC_PREPROCESSOR_DEFINITIONS = (
					"DEBUG=1",
					"$(inherited)",
				);
				GCC_WARN_64_TO_32_BIT_CONVERSION = YES;
				GCC_WARN_ABOUT_RETURN_TYPE = YES_ERROR;
				GCC_WARN_UNDECLARED_SELECTOR = YES;
				GCC_WARN_UNINITIALIZED_AUTOS = YES_AGGRESSIVE;
				GCC_WARN_UNUSED_FUNCTION = YES;
				GCC_WARN_UNUSED_VARIABLE = YES;
				IPHONEOS_DEPLOYMENT_TARGET = 15.0;
				MTL_ENABLE_DEBUG_INFO = INCLUDE_SOURCE;
				MTL_FAST_MATH = YES;
				ONLY_ACTIVE_ARCH = YES;
				SWIFT_ACTIVE_COMPILATION_CONDITIONS = DEBUG;
				SWIFT_OPTIMIZATION_LEVEL = "-Onone";
			};
			name = Debug;
		};
		F0C73E492A0180C500F4434B /* Release */ = {
			isa = XCBuildConfiguration;
			buildSettings = {
				ALWAYS_SEARCH_USER_PATHS = NO;
				CLANG_ANALYZER_NONNULL = YES;
				CLANG_ANALYZER_NUMBER_OBJECT_CONVERSION = YES_AGGRESSIVE;
				CLANG_CXX_LANGUAGE_STANDARD = "gnu++20";
				CLANG_ENABLE_MODULES = YES;
				CLANG_ENABLE_OBJC_ARC = YES;
				CLANG_ENABLE_OBJC_WEAK = YES;
				CLANG_WARN_BLOCK_CAPTURE_AUTORELEASING = YES;
				CLANG_WARN_BOOL_CONVERSION = YES;
				CLANG_WARN_COMMA = YES;
				CLANG_WARN_CONSTANT_CONVERSION = YES;
				CLANG_WARN_DEPRECATED_OBJC_IMPLEMENTATIONS = YES;
				CLANG_WARN_DIRECT_OBJC_ISA_USAGE = YES_ERROR;
				CLANG_WARN_DOCUMENTATION_COMMENTS = YES;
				CLANG_WARN_EMPTY_BODY = YES;
				CLANG_WARN_ENUM_CONVERSION = YES;
				CLANG_WARN_INFINITE_RECURSION = YES;
				CLANG_WARN_INT_CONVERSION = YES;
				CLANG_WARN_NON_LITERAL_NULL_CONVERSION = YES;
				CLANG_WARN_OBJC_IMPLICIT_RETAIN_SELF = YES;
				CLANG_WARN_OBJC_LITERAL_CONVERSION = YES;
				CLANG_WARN_OBJC_ROOT_CLASS = YES_ERROR;
				CLANG_WARN_QUOTED_INCLUDE_IN_FRAMEWORK_HEADER = YES;
				CLANG_WARN_RANGE_LOOP_ANALYSIS = YES;
				CLANG_WARN_STRICT_PROTOTYPES = YES;
				CLANG_WARN_SUSPICIOUS_MOVE = YES;
				CLANG_WARN_UNGUARDED_AVAILABILITY = YES_AGGRESSIVE;
				CLANG_WARN_UNREACHABLE_CODE = YES;
				CLANG_WARN__DUPLICATE_METHOD_MATCH = YES;
				COPY_PHASE_STRIP = NO;
				DEBUG_INFORMATION_FORMAT = "dwarf-with-dsym";
				ENABLE_NS_ASSERTIONS = NO;
				ENABLE_STRICT_OBJC_MSGSEND = YES;
				GCC_C_LANGUAGE_STANDARD = gnu11;
				GCC_NO_COMMON_BLOCKS = YES;
				GCC_WARN_64_TO_32_BIT_CONVERSION = YES;
				GCC_WARN_ABOUT_RETURN_TYPE = YES_ERROR;
				GCC_WARN_UNDECLARED_SELECTOR = YES;
				GCC_WARN_UNINITIALIZED_AUTOS = YES_AGGRESSIVE;
				GCC_WARN_UNUSED_FUNCTION = YES;
				GCC_WARN_UNUSED_VARIABLE = YES;
				IPHONEOS_DEPLOYMENT_TARGET = 15.0;
				MTL_ENABLE_DEBUG_INFO = NO;
				MTL_FAST_MATH = YES;
				SWIFT_COMPILATION_MODE = wholemodule;
				SWIFT_OPTIMIZATION_LEVEL = "-O";
			};
			name = Release;
		};
		F0C73E4B2A0180C500F4434B /* Debug */ = {
			isa = XCBuildConfiguration;
			buildSettings = {
				ARCHS = (
					"$(ARCHS_STANDARD)",
					x86_64,
					arm64,
				);
				ASSETCATALOG_COMPILER_APPICON_NAME = AppIcon;
				ASSETCATALOG_COMPILER_GLOBAL_ACCENT_COLOR_NAME = AccentColor;
				CLANG_ENABLE_MODULES = YES;
				CODE_SIGN_ENTITLEMENTS = ZeeMeeCodeSample/Support/ZeeMeeCodeSample.entitlements;
				CODE_SIGN_STYLE = Automatic;
				CURRENT_PROJECT_VERSION = 1;
				DEVELOPMENT_ASSET_PATHS = "";
				ENABLE_PREVIEWS = YES;
				GENERATE_INFOPLIST_FILE = YES;
				"INFOPLIST_KEY_UIApplicationSceneManifest_Generation[sdk=iphoneos*]" = YES;
				"INFOPLIST_KEY_UIApplicationSceneManifest_Generation[sdk=iphonesimulator*]" = YES;
				"INFOPLIST_KEY_UIApplicationSupportsIndirectInputEvents[sdk=iphoneos*]" = YES;
				"INFOPLIST_KEY_UIApplicationSupportsIndirectInputEvents[sdk=iphonesimulator*]" = YES;
				"INFOPLIST_KEY_UILaunchScreen_Generation[sdk=iphoneos*]" = YES;
				"INFOPLIST_KEY_UILaunchScreen_Generation[sdk=iphonesimulator*]" = YES;
				INFOPLIST_KEY_UILaunchStoryboardName = Launch.storyboard;
				"INFOPLIST_KEY_UIStatusBarStyle[sdk=iphoneos*]" = UIStatusBarStyleDefault;
				"INFOPLIST_KEY_UIStatusBarStyle[sdk=iphonesimulator*]" = UIStatusBarStyleDefault;
				INFOPLIST_KEY_UISupportedInterfaceOrientations_iPad = "UIInterfaceOrientationPortrait UIInterfaceOrientationPortraitUpsideDown UIInterfaceOrientationLandscapeLeft UIInterfaceOrientationLandscapeRight";
				INFOPLIST_KEY_UISupportedInterfaceOrientations_iPhone = "UIInterfaceOrientationPortrait UIInterfaceOrientationLandscapeLeft UIInterfaceOrientationLandscapeRight";
				IPHONEOS_DEPLOYMENT_TARGET = 15.0;
				LD_RUNPATH_SEARCH_PATHS = "@executable_path/Frameworks";
				"LD_RUNPATH_SEARCH_PATHS[sdk=macosx*]" = "@executable_path/../Frameworks";
				MACOSX_DEPLOYMENT_TARGET = 13.0;
				MARKETING_VERSION = 1.0;
				PRODUCT_BUNDLE_IDENTIFIER = ZeeMee.ZeeMeeCodeSample;
				PRODUCT_NAME = "$(TARGET_NAME)";
				SDKROOT = auto;
				SUPPORTED_PLATFORMS = "iphoneos iphonesimulator";
				SUPPORTS_MACCATALYST = NO;
				SUPPORTS_MAC_DESIGNED_FOR_IPHONE_IPAD = NO;
				SWIFT_EMIT_LOC_STRINGS = YES;
				SWIFT_OPTIMIZATION_LEVEL = "-Onone";
				SWIFT_VERSION = 5.0;
				TARGETED_DEVICE_FAMILY = 1;
			};
			name = Debug;
		};
		F0C73E4C2A0180C500F4434B /* Release */ = {
			isa = XCBuildConfiguration;
			buildSettings = {
				ARCHS = (
					"$(ARCHS_STANDARD)",
					x86_64,
					arm64,
				);
				ASSETCATALOG_COMPILER_APPICON_NAME = AppIcon;
				ASSETCATALOG_COMPILER_GLOBAL_ACCENT_COLOR_NAME = AccentColor;
				CLANG_ENABLE_MODULES = YES;
				CODE_SIGN_ENTITLEMENTS = ZeeMeeCodeSample/Support/ZeeMeeCodeSample.entitlements;
				CODE_SIGN_STYLE = Automatic;
				CURRENT_PROJECT_VERSION = 1;
				DEVELOPMENT_ASSET_PATHS = "";
				ENABLE_PREVIEWS = YES;
				GENERATE_INFOPLIST_FILE = YES;
				"INFOPLIST_KEY_UIApplicationSceneManifest_Generation[sdk=iphoneos*]" = YES;
				"INFOPLIST_KEY_UIApplicationSceneManifest_Generation[sdk=iphonesimulator*]" = YES;
				"INFOPLIST_KEY_UIApplicationSupportsIndirectInputEvents[sdk=iphoneos*]" = YES;
				"INFOPLIST_KEY_UIApplicationSupportsIndirectInputEvents[sdk=iphonesimulator*]" = YES;
				"INFOPLIST_KEY_UILaunchScreen_Generation[sdk=iphoneos*]" = YES;
				"INFOPLIST_KEY_UILaunchScreen_Generation[sdk=iphonesimulator*]" = YES;
				INFOPLIST_KEY_UILaunchStoryboardName = Launch.storyboard;
				"INFOPLIST_KEY_UIStatusBarStyle[sdk=iphoneos*]" = UIStatusBarStyleDefault;
				"INFOPLIST_KEY_UIStatusBarStyle[sdk=iphonesimulator*]" = UIStatusBarStyleDefault;
				INFOPLIST_KEY_UISupportedInterfaceOrientations_iPad = "UIInterfaceOrientationPortrait UIInterfaceOrientationPortraitUpsideDown UIInterfaceOrientationLandscapeLeft UIInterfaceOrientationLandscapeRight";
				INFOPLIST_KEY_UISupportedInterfaceOrientations_iPhone = "UIInterfaceOrientationPortrait UIInterfaceOrientationLandscapeLeft UIInterfaceOrientationLandscapeRight";
				IPHONEOS_DEPLOYMENT_TARGET = 15.0;
				LD_RUNPATH_SEARCH_PATHS = "@executable_path/Frameworks";
				"LD_RUNPATH_SEARCH_PATHS[sdk=macosx*]" = "@executable_path/../Frameworks";
				MACOSX_DEPLOYMENT_TARGET = 13.0;
				MARKETING_VERSION = 1.0;
				PRODUCT_BUNDLE_IDENTIFIER = ZeeMee.ZeeMeeCodeSample;
				PRODUCT_NAME = "$(TARGET_NAME)";
				SDKROOT = auto;
				SUPPORTED_PLATFORMS = "iphoneos iphonesimulator";
				SUPPORTS_MACCATALYST = NO;
				SUPPORTS_MAC_DESIGNED_FOR_IPHONE_IPAD = NO;
				SWIFT_EMIT_LOC_STRINGS = YES;
				SWIFT_VERSION = 5.0;
				TARGETED_DEVICE_FAMILY = 1;
			};
			name = Release;
		};
		F0C73E4E2A0180C500F4434B /* Debug */ = {
			isa = XCBuildConfiguration;
			buildSettings = {
				ALWAYS_EMBED_SWIFT_STANDARD_LIBRARIES = YES;
				BUNDLE_LOADER = "$(TEST_HOST)";
				CODE_SIGN_STYLE = Automatic;
				CURRENT_PROJECT_VERSION = 1;
				GENERATE_INFOPLIST_FILE = YES;
				IPHONEOS_DEPLOYMENT_TARGET = 15.0;
				MACOSX_DEPLOYMENT_TARGET = 13.0;
				MARKETING_VERSION = 1.0;
				PRODUCT_BUNDLE_IDENTIFIER = ZeeMee.ZeeMeeCodeSampleTests;
				PRODUCT_NAME = "$(TARGET_NAME)";
				SDKROOT = auto;
				SUPPORTED_PLATFORMS = "iphoneos iphonesimulator";
				SUPPORTS_MACCATALYST = NO;
				SUPPORTS_MAC_DESIGNED_FOR_IPHONE_IPAD = NO;
				SWIFT_EMIT_LOC_STRINGS = NO;
				SWIFT_VERSION = 5.0;
				TARGETED_DEVICE_FAMILY = 1;
				TEST_HOST = "$(BUILT_PRODUCTS_DIR)/ZeeMeeCodeSample.app/$(BUNDLE_EXECUTABLE_FOLDER_PATH)/ZeeMeeCodeSample";
			};
			name = Debug;
		};
		F0C73E4F2A0180C500F4434B /* Release */ = {
			isa = XCBuildConfiguration;
			buildSettings = {
				ALWAYS_EMBED_SWIFT_STANDARD_LIBRARIES = YES;
				BUNDLE_LOADER = "$(TEST_HOST)";
				CODE_SIGN_STYLE = Automatic;
				CURRENT_PROJECT_VERSION = 1;
				GENERATE_INFOPLIST_FILE = YES;
				IPHONEOS_DEPLOYMENT_TARGET = 15.0;
				MACOSX_DEPLOYMENT_TARGET = 13.0;
				MARKETING_VERSION = 1.0;
				PRODUCT_BUNDLE_IDENTIFIER = ZeeMee.ZeeMeeCodeSampleTests;
				PRODUCT_NAME = "$(TARGET_NAME)";
				SDKROOT = auto;
				SUPPORTED_PLATFORMS = "iphoneos iphonesimulator";
				SUPPORTS_MACCATALYST = NO;
				SUPPORTS_MAC_DESIGNED_FOR_IPHONE_IPAD = NO;
				SWIFT_EMIT_LOC_STRINGS = NO;
				SWIFT_VERSION = 5.0;
				TARGETED_DEVICE_FAMILY = 1;
				TEST_HOST = "$(BUILT_PRODUCTS_DIR)/ZeeMeeCodeSample.app/$(BUNDLE_EXECUTABLE_FOLDER_PATH)/ZeeMeeCodeSample";
			};
			name = Release;
		};
		F0C73E512A0180C500F4434B /* Debug */ = {
			isa = XCBuildConfiguration;
			buildSettings = {
				ALWAYS_EMBED_SWIFT_STANDARD_LIBRARIES = YES;
				CODE_SIGN_STYLE = Automatic;
				CURRENT_PROJECT_VERSION = 1;
				GENERATE_INFOPLIST_FILE = YES;
				IPHONEOS_DEPLOYMENT_TARGET = 15.0;
				MACOSX_DEPLOYMENT_TARGET = 13.0;
				MARKETING_VERSION = 1.0;
				PRODUCT_BUNDLE_IDENTIFIER = ZeeMee.ZeeMeeCodeSampleUITests;
				PRODUCT_NAME = "$(TARGET_NAME)";
				SDKROOT = auto;
				SUPPORTED_PLATFORMS = "iphoneos iphonesimulator";
				SUPPORTS_MACCATALYST = NO;
				SUPPORTS_MAC_DESIGNED_FOR_IPHONE_IPAD = NO;
				SWIFT_EMIT_LOC_STRINGS = NO;
				SWIFT_VERSION = 5.0;
				TARGETED_DEVICE_FAMILY = 1;
				TEST_TARGET_NAME = ZeeMeeCodeSample;
			};
			name = Debug;
		};
		F0C73E522A0180C500F4434B /* Release */ = {
			isa = XCBuildConfiguration;
			buildSettings = {
				ALWAYS_EMBED_SWIFT_STANDARD_LIBRARIES = YES;
				CODE_SIGN_STYLE = Automatic;
				CURRENT_PROJECT_VERSION = 1;
				GENERATE_INFOPLIST_FILE = YES;
				IPHONEOS_DEPLOYMENT_TARGET = 15.0;
				MACOSX_DEPLOYMENT_TARGET = 13.0;
				MARKETING_VERSION = 1.0;
				PRODUCT_BUNDLE_IDENTIFIER = ZeeMee.ZeeMeeCodeSampleUITests;
				PRODUCT_NAME = "$(TARGET_NAME)";
				SDKROOT = auto;
				SUPPORTED_PLATFORMS = "iphoneos iphonesimulator";
				SUPPORTS_MACCATALYST = NO;
				SUPPORTS_MAC_DESIGNED_FOR_IPHONE_IPAD = NO;
				SWIFT_EMIT_LOC_STRINGS = NO;
				SWIFT_VERSION = 5.0;
				TARGETED_DEVICE_FAMILY = 1;
				TEST_TARGET_NAME = ZeeMeeCodeSample;
			};
			name = Release;
		};
/* End XCBuildConfiguration section */

/* Begin XCConfigurationList section */
		F0C73E202A0180C300F4434B /* Build configuration list for PBXProject "ZeeMeeCodeSample" */ = {
			isa = XCConfigurationList;
			buildConfigurations = (
				F0C73E482A0180C500F4434B /* Debug */,
				F0C73E492A0180C500F4434B /* Release */,
			);
			defaultConfigurationIsVisible = 0;
			defaultConfigurationName = Release;
		};
		F0C73E4A2A0180C500F4434B /* Build configuration list for PBXNativeTarget "ZeeMeeCodeSample" */ = {
			isa = XCConfigurationList;
			buildConfigurations = (
				F0C73E4B2A0180C500F4434B /* Debug */,
				F0C73E4C2A0180C500F4434B /* Release */,
			);
			defaultConfigurationIsVisible = 0;
			defaultConfigurationName = Release;
		};
		F0C73E4D2A0180C500F4434B /* Build configuration list for PBXNativeTarget "ZeeMeeCodeSampleTests" */ = {
			isa = XCConfigurationList;
			buildConfigurations = (
				F0C73E4E2A0180C500F4434B /* Debug */,
				F0C73E4F2A0180C500F4434B /* Release */,
			);
			defaultConfigurationIsVisible = 0;
			defaultConfigurationName = Release;
		};
		F0C73E502A0180C500F4434B /* Build configuration list for PBXNativeTarget "ZeeMeeCodeSampleUITests" */ = {
			isa = XCConfigurationList;
			buildConfigurations = (
				F0C73E512A0180C500F4434B /* Debug */,
				F0C73E522A0180C500F4434B /* Release */,
			);
			defaultConfigurationIsVisible = 0;
			defaultConfigurationName = Release;
		};
/* End XCConfigurationList section */
	};
	rootObject = F0C73E1D2A0180C300F4434B /* Project object */;
}
